
Microsoft Visual Studio Solution File, Format Version 11.00
# Visual Studio 2010
Project("{2150E333-8FDC-42A3-9474-1A3956D46DE8}") = "Solution Items", "Solution Items", "{CAEA7BBC-0275-4381-9C06-F47BC8048A2D}"
	ProjectSection(SolutionItems) = preProject
		Local.testsettings = Local.testsettings
		MangaCrawler.vsmdi = MangaCrawler.vsmdi
		TraceAndTestImpact.testsettings = TraceAndTestImpact.testsettings
	EndProjectSection
EndProject
Project("{FAE04EC0-301F-11D3-BF4B-00C04F79EFBC}") = "HtmlAgilityPack", "HtmlAgilityPack\HtmlAgilityPack.csproj", "{193BB801-054F-4729-9D5D-FCE1E32594BF}"
EndProject
Project("{FAE04EC0-301F-11D3-BF4B-00C04F79EFBC}") = "MangaCrawler", "MangaCrawler\MangaCrawler.csproj", "{C75DBED1-3FF0-4762-BE86-3865C27FD618}"
EndProject
Project("{FAE04EC0-301F-11D3-BF4B-00C04F79EFBC}") = "MangaCrawlerLib", "MangaCrawlerLib\MangaCrawlerLib.csproj", "{5CE21DA4-9AD1-4D26-B7AE-2CDF133E6ECC}"
EndProject
Project("{FAE04EC0-301F-11D3-BF4B-00C04F79EFBC}") = "MangaCrawlerTest", "MangaCrawlerTest\MangaCrawlerTest.csproj", "{D52C8C33-EA9E-4F3A-A80F-3BEF5FC6DE8A}"
EndProject
Project("{FAE04EC0-301F-11D3-BF4B-00C04F79EFBC}") = "DotNetZip", "DotNetZip\DotNetZip.csproj", "{49A128D3-C3F2-46B1-8F7A-EECD209EA860}"
EndProject
Project("{FAE04EC0-301F-11D3-BF4B-00C04F79EFBC}") = "YAXLib", "yaxlib\YAXLib\YAXLib.csproj", "{F1C4D174-C948-4D18-A125-F6855EF55683}"
EndProject
Project("{FAE04EC0-301F-11D3-BF4B-00C04F79EFBC}") = "TomanuExtensionsLib", "yaxlib\TomanuExtensions\TomanuExtensionsLib\TomanuExtensionsLib.csproj", "{4653B49E-D5A5-43B7-8CED-160E7BC09917}"
EndProject
Project("{FAE04EC0-301F-11D3-BF4B-00C04F79EFBC}") = "SQLite.NET", "SQLite.NET\SQLite.NET.csproj", "{AC139952-261A-4463-B6FA-AEBC25283A66}"
	ProjectSection(ProjectDependencies) = postProject
		{A0CD6B7A-CD5D-4920-B683-DBE78D3FB047} = {A0CD6B7A-CD5D-4920-B683-DBE78D3FB047}
	EndProjectSection
EndProject
Project("{8BC9CEB8-8B4A-11D0-8D11-00A0C91BC942}") = "SQLite.Interop", "SQLite.Interop\SQLite.Interop.vcxproj", "{A0CD6B7A-CD5D-4920-B683-DBE78D3FB047}"
EndProject
Project("{FAE04EC0-301F-11D3-BF4B-00C04F79EFBC}") = "NHibernate", "NHibernate\NHibernate.csproj", "{5909BFE7-93CF-4E5F-BE22-6293368AF01D}"
EndProject
Project("{FAE04EC0-301F-11D3-BF4B-00C04F79EFBC}") = "Iesi.Collections", "Iesi Collections\Iesi.Collections.csproj", "{CEF80E5F-E838-4F27-9435-2E3630D5F9E0}"
EndProject
Project("{FAE04EC0-301F-11D3-BF4B-00C04F79EFBC}") = "log4net", "log4net\log4net.csproj", "{181FE707-E161-4722-9F38-6AAAB6FAA106}"
EndProject
Project("{FAE04EC0-301F-11D3-BF4B-00C04F79EFBC}") = "MangaCrawlerControls", "MangaCrawlerControls\MangaCrawlerControls.csproj", "{694B7B28-EC01-4C6E-A20A-21BB41C4D729}"
EndProject
Global
	GlobalSection(SubversionScc) = preSolution
		Svn-Managed = True
		Manager = AnkhSVN - Subversion Support for Visual Studio
	EndGlobalSection
	GlobalSection(TestCaseManagementSettings) = postSolution
		CategoryFile = MangaCrawler.vsmdi
	EndGlobalSection
	GlobalSection(SolutionConfigurationPlatforms) = preSolution
		Debug Test|Mixed Platforms = Debug Test|Mixed Platforms
		Debug Test|x64 = Debug Test|x64
		Debug Test|x86 = Debug Test|x86
		Debug|Mixed Platforms = Debug|Mixed Platforms
		Debug|x64 = Debug|x64
		Debug|x86 = Debug|x86
		Release|Mixed Platforms = Release|Mixed Platforms
		Release|x64 = Release|x64
		Release|x86 = Release|x86
	EndGlobalSection
	GlobalSection(ProjectConfigurationPlatforms) = postSolution
		{193BB801-054F-4729-9D5D-FCE1E32594BF}.Debug Test|Mixed Platforms.ActiveCfg = Debug|Any CPU
		{193BB801-054F-4729-9D5D-FCE1E32594BF}.Debug Test|Mixed Platforms.Build.0 = Debug|Any CPU
		{193BB801-054F-4729-9D5D-FCE1E32594BF}.Debug Test|x64.ActiveCfg = Debug|Any CPU
		{193BB801-054F-4729-9D5D-FCE1E32594BF}.Debug Test|x64.Build.0 = Debug|Any CPU
		{193BB801-054F-4729-9D5D-FCE1E32594BF}.Debug Test|x86.ActiveCfg = Debug|Any CPU
		{193BB801-054F-4729-9D5D-FCE1E32594BF}.Debug Test|x86.Build.0 = Debug|Any CPU
		{193BB801-054F-4729-9D5D-FCE1E32594BF}.Debug|Mixed Platforms.ActiveCfg = Debug|Any CPU
		{193BB801-054F-4729-9D5D-FCE1E32594BF}.Debug|Mixed Platforms.Build.0 = Debug|Any CPU
		{193BB801-054F-4729-9D5D-FCE1E32594BF}.Debug|x64.ActiveCfg = Debug|Any CPU
		{193BB801-054F-4729-9D5D-FCE1E32594BF}.Debug|x64.Build.0 = Debug|Any CPU
		{193BB801-054F-4729-9D5D-FCE1E32594BF}.Debug|x86.ActiveCfg = Debug|Any CPU
		{193BB801-054F-4729-9D5D-FCE1E32594BF}.Debug|x86.Build.0 = Debug|Any CPU
		{193BB801-054F-4729-9D5D-FCE1E32594BF}.Release|Mixed Platforms.ActiveCfg = Release|Any CPU
		{193BB801-054F-4729-9D5D-FCE1E32594BF}.Release|Mixed Platforms.Build.0 = Release|Any CPU
		{193BB801-054F-4729-9D5D-FCE1E32594BF}.Release|x64.ActiveCfg = Release|Any CPU
		{193BB801-054F-4729-9D5D-FCE1E32594BF}.Release|x64.Build.0 = Release|Any CPU
		{193BB801-054F-4729-9D5D-FCE1E32594BF}.Release|x86.ActiveCfg = Release|Any CPU
		{193BB801-054F-4729-9D5D-FCE1E32594BF}.Release|x86.Build.0 = Release|Any CPU
		{C75DBED1-3FF0-4762-BE86-3865C27FD618}.Debug Test|Mixed Platforms.ActiveCfg = Debug|Any CPU
		{C75DBED1-3FF0-4762-BE86-3865C27FD618}.Debug Test|Mixed Platforms.Build.0 = Debug|Any CPU
		{C75DBED1-3FF0-4762-BE86-3865C27FD618}.Debug Test|x64.ActiveCfg = Debug|x64
		{C75DBED1-3FF0-4762-BE86-3865C27FD618}.Debug Test|x64.Build.0 = Debug|x64
		{C75DBED1-3FF0-4762-BE86-3865C27FD618}.Debug Test|x86.ActiveCfg = Debug|x86
		{C75DBED1-3FF0-4762-BE86-3865C27FD618}.Debug Test|x86.Build.0 = Debug|x86
		{C75DBED1-3FF0-4762-BE86-3865C27FD618}.Debug|Mixed Platforms.ActiveCfg = Debug|Any CPU
		{C75DBED1-3FF0-4762-BE86-3865C27FD618}.Debug|Mixed Platforms.Build.0 = Debug|Any CPU
		{C75DBED1-3FF0-4762-BE86-3865C27FD618}.Debug|x64.ActiveCfg = Debug|x64
		{C75DBED1-3FF0-4762-BE86-3865C27FD618}.Debug|x64.Build.0 = Debug|x64
		{C75DBED1-3FF0-4762-BE86-3865C27FD618}.Debug|x86.ActiveCfg = Debug|x86
		{C75DBED1-3FF0-4762-BE86-3865C27FD618}.Debug|x86.Build.0 = Debug|x86
		{C75DBED1-3FF0-4762-BE86-3865C27FD618}.Release|Mixed Platforms.ActiveCfg = Release|Any CPU
		{C75DBED1-3FF0-4762-BE86-3865C27FD618}.Release|Mixed Platforms.Build.0 = Release|Any CPU
		{C75DBED1-3FF0-4762-BE86-3865C27FD618}.Release|x64.ActiveCfg = Release|x64
		{C75DBED1-3FF0-4762-BE86-3865C27FD618}.Release|x64.Build.0 = Release|x64
		{C75DBED1-3FF0-4762-BE86-3865C27FD618}.Release|x86.ActiveCfg = Release|x86
		{C75DBED1-3FF0-4762-BE86-3865C27FD618}.Release|x86.Build.0 = Release|x86
		{5CE21DA4-9AD1-4D26-B7AE-2CDF133E6ECC}.Debug Test|Mixed Platforms.ActiveCfg = Debug Test|Any CPU
		{5CE21DA4-9AD1-4D26-B7AE-2CDF133E6ECC}.Debug Test|Mixed Platforms.Build.0 = Debug Test|Any CPU
		{5CE21DA4-9AD1-4D26-B7AE-2CDF133E6ECC}.Debug Test|x64.ActiveCfg = Debug Test|Any CPU
		{5CE21DA4-9AD1-4D26-B7AE-2CDF133E6ECC}.Debug Test|x64.Build.0 = Debug Test|Any CPU
		{5CE21DA4-9AD1-4D26-B7AE-2CDF133E6ECC}.Debug Test|x86.ActiveCfg = Debug|Any CPU
		{5CE21DA4-9AD1-4D26-B7AE-2CDF133E6ECC}.Debug Test|x86.Build.0 = Debug|Any CPU
		{5CE21DA4-9AD1-4D26-B7AE-2CDF133E6ECC}.Debug|Mixed Platforms.ActiveCfg = Debug|Any CPU
		{5CE21DA4-9AD1-4D26-B7AE-2CDF133E6ECC}.Debug|Mixed Platforms.Build.0 = Debug|Any CPU
		{5CE21DA4-9AD1-4D26-B7AE-2CDF133E6ECC}.Debug|x64.ActiveCfg = Debug|Any CPU
		{5CE21DA4-9AD1-4D26-B7AE-2CDF133E6ECC}.Debug|x64.Build.0 = Debug|Any CPU
		{5CE21DA4-9AD1-4D26-B7AE-2CDF133E6ECC}.Debug|x86.ActiveCfg = Debug|Any CPU
		{5CE21DA4-9AD1-4D26-B7AE-2CDF133E6ECC}.Debug|x86.Build.0 = Debug|Any CPU
		{5CE21DA4-9AD1-4D26-B7AE-2CDF133E6ECC}.Release|Mixed Platforms.ActiveCfg = Release|Any CPU
		{5CE21DA4-9AD1-4D26-B7AE-2CDF133E6ECC}.Release|Mixed Platforms.Build.0 = Release|Any CPU
		{5CE21DA4-9AD1-4D26-B7AE-2CDF133E6ECC}.Release|x64.ActiveCfg = Release|Any CPU
		{5CE21DA4-9AD1-4D26-B7AE-2CDF133E6ECC}.Release|x64.Build.0 = Release|Any CPU
		{5CE21DA4-9AD1-4D26-B7AE-2CDF133E6ECC}.Release|x86.ActiveCfg = Release|Any CPU
		{5CE21DA4-9AD1-4D26-B7AE-2CDF133E6ECC}.Release|x86.Build.0 = Release|Any CPU
		{D52C8C33-EA9E-4F3A-A80F-3BEF5FC6DE8A}.Debug Test|Mixed Platforms.ActiveCfg = Debug|Any CPU
		{D52C8C33-EA9E-4F3A-A80F-3BEF5FC6DE8A}.Debug Test|Mixed Platforms.Build.0 = Debug|Any CPU
		{D52C8C33-EA9E-4F3A-A80F-3BEF5FC6DE8A}.Debug Test|x64.ActiveCfg = Debug|Any CPU
		{D52C8C33-EA9E-4F3A-A80F-3BEF5FC6DE8A}.Debug Test|x64.Build.0 = Debug|Any CPU
		{D52C8C33-EA9E-4F3A-A80F-3BEF5FC6DE8A}.Debug Test|x86.ActiveCfg = Debug|Any CPU
		{D52C8C33-EA9E-4F3A-A80F-3BEF5FC6DE8A}.Debug Test|x86.Build.0 = Debug|Any CPU
		{D52C8C33-EA9E-4F3A-A80F-3BEF5FC6DE8A}.Debug|Mixed Platforms.ActiveCfg = Debug|Any CPU
		{D52C8C33-EA9E-4F3A-A80F-3BEF5FC6DE8A}.Debug|Mixed Platforms.Build.0 = Debug|Any CPU
		{D52C8C33-EA9E-4F3A-A80F-3BEF5FC6DE8A}.Debug|x64.ActiveCfg = Debug|Any CPU
		{D52C8C33-EA9E-4F3A-A80F-3BEF5FC6DE8A}.Debug|x64.Build.0 = Debug|Any CPU
		{D52C8C33-EA9E-4F3A-A80F-3BEF5FC6DE8A}.Debug|x86.ActiveCfg = Debug|Any CPU
		{D52C8C33-EA9E-4F3A-A80F-3BEF5FC6DE8A}.Debug|x86.Build.0 = Debug|Any CPU
		{D52C8C33-EA9E-4F3A-A80F-3BEF5FC6DE8A}.Release|Mixed Platforms.ActiveCfg = Release|Any CPU
		{D52C8C33-EA9E-4F3A-A80F-3BEF5FC6DE8A}.Release|Mixed Platforms.Build.0 = Release|Any CPU
		{D52C8C33-EA9E-4F3A-A80F-3BEF5FC6DE8A}.Release|x64.ActiveCfg = Release|Any CPU
		{D52C8C33-EA9E-4F3A-A80F-3BEF5FC6DE8A}.Release|x64.Build.0 = Release|Any CPU
		{D52C8C33-EA9E-4F3A-A80F-3BEF5FC6DE8A}.Release|x86.ActiveCfg = Release|Any CPU
		{D52C8C33-EA9E-4F3A-A80F-3BEF5FC6DE8A}.Release|x86.Build.0 = Release|Any CPU
		{49A128D3-C3F2-46B1-8F7A-EECD209EA860}.Debug Test|Mixed Platforms.ActiveCfg = Debug|Any CPU
		{49A128D3-C3F2-46B1-8F7A-EECD209EA860}.Debug Test|Mixed Platforms.Build.0 = Debug|Any CPU
		{49A128D3-C3F2-46B1-8F7A-EECD209EA860}.Debug Test|x64.ActiveCfg = Debug|Any CPU
		{49A128D3-C3F2-46B1-8F7A-EECD209EA860}.Debug Test|x64.Build.0 = Debug|Any CPU
		{49A128D3-C3F2-46B1-8F7A-EECD209EA860}.Debug Test|x86.ActiveCfg = Debug|Any CPU
		{49A128D3-C3F2-46B1-8F7A-EECD209EA860}.Debug Test|x86.Build.0 = Debug|Any CPU
		{49A128D3-C3F2-46B1-8F7A-EECD209EA860}.Debug|Mixed Platforms.ActiveCfg = Debug|Any CPU
		{49A128D3-C3F2-46B1-8F7A-EECD209EA860}.Debug|Mixed Platforms.Build.0 = Debug|Any CPU
		{49A128D3-C3F2-46B1-8F7A-EECD209EA860}.Debug|x64.ActiveCfg = Debug|Any CPU
		{49A128D3-C3F2-46B1-8F7A-EECD209EA860}.Debug|x64.Build.0 = Debug|Any CPU
		{49A128D3-C3F2-46B1-8F7A-EECD209EA860}.Debug|x86.ActiveCfg = Debug|Any CPU
		{49A128D3-C3F2-46B1-8F7A-EECD209EA860}.Debug|x86.Build.0 = Debug|Any CPU
		{49A128D3-C3F2-46B1-8F7A-EECD209EA860}.Release|Mixed Platforms.ActiveCfg = Release|Any CPU
		{49A128D3-C3F2-46B1-8F7A-EECD209EA860}.Release|Mixed Platforms.Build.0 = Release|Any CPU
		{49A128D3-C3F2-46B1-8F7A-EECD209EA860}.Release|x64.ActiveCfg = Release|Any CPU
		{49A128D3-C3F2-46B1-8F7A-EECD209EA860}.Release|x64.Build.0 = Release|Any CPU
		{49A128D3-C3F2-46B1-8F7A-EECD209EA860}.Release|x86.ActiveCfg = Release|Any CPU
		{49A128D3-C3F2-46B1-8F7A-EECD209EA860}.Release|x86.Build.0 = Release|Any CPU
		{F1C4D174-C948-4D18-A125-F6855EF55683}.Debug Test|Mixed Platforms.ActiveCfg = Debug|Any CPU
		{F1C4D174-C948-4D18-A125-F6855EF55683}.Debug Test|Mixed Platforms.Build.0 = Debug|Any CPU
		{F1C4D174-C948-4D18-A125-F6855EF55683}.Debug Test|x64.ActiveCfg = Debug|Any CPU
		{F1C4D174-C948-4D18-A125-F6855EF55683}.Debug Test|x64.Build.0 = Debug|Any CPU
		{F1C4D174-C948-4D18-A125-F6855EF55683}.Debug Test|x86.ActiveCfg = Debug|Any CPU
		{F1C4D174-C948-4D18-A125-F6855EF55683}.Debug Test|x86.Build.0 = Debug|Any CPU
		{F1C4D174-C948-4D18-A125-F6855EF55683}.Debug|Mixed Platforms.ActiveCfg = Debug|Any CPU
		{F1C4D174-C948-4D18-A125-F6855EF55683}.Debug|Mixed Platforms.Build.0 = Debug|Any CPU
		{F1C4D174-C948-4D18-A125-F6855EF55683}.Debug|x64.ActiveCfg = Debug|Any CPU
		{F1C4D174-C948-4D18-A125-F6855EF55683}.Debug|x64.Build.0 = Debug|Any CPU
		{F1C4D174-C948-4D18-A125-F6855EF55683}.Debug|x86.ActiveCfg = Debug|Any CPU
		{F1C4D174-C948-4D18-A125-F6855EF55683}.Debug|x86.Build.0 = Debug|Any CPU
		{F1C4D174-C948-4D18-A125-F6855EF55683}.Release|Mixed Platforms.ActiveCfg = Release|Any CPU
		{F1C4D174-C948-4D18-A125-F6855EF55683}.Release|Mixed Platforms.Build.0 = Release|Any CPU
		{F1C4D174-C948-4D18-A125-F6855EF55683}.Release|x64.ActiveCfg = Release|Any CPU
		{F1C4D174-C948-4D18-A125-F6855EF55683}.Release|x64.Build.0 = Release|Any CPU
		{F1C4D174-C948-4D18-A125-F6855EF55683}.Release|x86.ActiveCfg = Release|Any CPU
		{F1C4D174-C948-4D18-A125-F6855EF55683}.Release|x86.Build.0 = Release|Any CPU
		{4653B49E-D5A5-43B7-8CED-160E7BC09917}.Debug Test|Mixed Platforms.ActiveCfg = Debug|Any CPU
		{4653B49E-D5A5-43B7-8CED-160E7BC09917}.Debug Test|Mixed Platforms.Build.0 = Debug|Any CPU
		{4653B49E-D5A5-43B7-8CED-160E7BC09917}.Debug Test|x64.ActiveCfg = Debug|Any CPU
		{4653B49E-D5A5-43B7-8CED-160E7BC09917}.Debug Test|x64.Build.0 = Debug|Any CPU
		{4653B49E-D5A5-43B7-8CED-160E7BC09917}.Debug Test|x86.ActiveCfg = Debug|Any CPU
		{4653B49E-D5A5-43B7-8CED-160E7BC09917}.Debug Test|x86.Build.0 = Debug|Any CPU
		{4653B49E-D5A5-43B7-8CED-160E7BC09917}.Debug|Mixed Platforms.ActiveCfg = Debug|Any CPU
		{4653B49E-D5A5-43B7-8CED-160E7BC09917}.Debug|Mixed Platforms.Build.0 = Debug|Any CPU
		{4653B49E-D5A5-43B7-8CED-160E7BC09917}.Debug|x64.ActiveCfg = Debug|Any CPU
		{4653B49E-D5A5-43B7-8CED-160E7BC09917}.Debug|x64.Build.0 = Debug|Any CPU
		{4653B49E-D5A5-43B7-8CED-160E7BC09917}.Debug|x86.ActiveCfg = Debug|Any CPU
		{4653B49E-D5A5-43B7-8CED-160E7BC09917}.Debug|x86.Build.0 = Debug|Any CPU
		{4653B49E-D5A5-43B7-8CED-160E7BC09917}.Release|Mixed Platforms.ActiveCfg = Release|Any CPU
		{4653B49E-D5A5-43B7-8CED-160E7BC09917}.Release|Mixed Platforms.Build.0 = Release|Any CPU
		{4653B49E-D5A5-43B7-8CED-160E7BC09917}.Release|x64.ActiveCfg = Release|Any CPU
		{4653B49E-D5A5-43B7-8CED-160E7BC09917}.Release|x64.Build.0 = Release|Any CPU
		{4653B49E-D5A5-43B7-8CED-160E7BC09917}.Release|x86.ActiveCfg = Release|Any CPU
		{4653B49E-D5A5-43B7-8CED-160E7BC09917}.Release|x86.Build.0 = Release|Any CPU
		{AC139952-261A-4463-B6FA-AEBC25283A66}.Debug Test|Mixed Platforms.ActiveCfg = Debug|Any CPU
		{AC139952-261A-4463-B6FA-AEBC25283A66}.Debug Test|Mixed Platforms.Build.0 = Debug|Any CPU
		{AC139952-261A-4463-B6FA-AEBC25283A66}.Debug Test|x64.ActiveCfg = Debug|Any CPU
		{AC139952-261A-4463-B6FA-AEBC25283A66}.Debug Test|x64.Build.0 = Debug|Any CPU
		{AC139952-261A-4463-B6FA-AEBC25283A66}.Debug Test|x86.ActiveCfg = Debug|Any CPU
		{AC139952-261A-4463-B6FA-AEBC25283A66}.Debug Test|x86.Build.0 = Debug|Any CPU
		{AC139952-261A-4463-B6FA-AEBC25283A66}.Debug|Mixed Platforms.ActiveCfg = Debug|Any CPU
		{AC139952-261A-4463-B6FA-AEBC25283A66}.Debug|Mixed Platforms.Build.0 = Debug|Any CPU
		{AC139952-261A-4463-B6FA-AEBC25283A66}.Debug|x64.ActiveCfg = Debug|Any CPU
		{AC139952-261A-4463-B6FA-AEBC25283A66}.Debug|x64.Build.0 = Debug|Any CPU
		{AC139952-261A-4463-B6FA-AEBC25283A66}.Debug|x86.ActiveCfg = Debug|Any CPU
		{AC139952-261A-4463-B6FA-AEBC25283A66}.Debug|x86.Build.0 = Debug|Any CPU
		{AC139952-261A-4463-B6FA-AEBC25283A66}.Release|Mixed Platforms.ActiveCfg = Release|Any CPU
		{AC139952-261A-4463-B6FA-AEBC25283A66}.Release|Mixed Platforms.Build.0 = Release|Any CPU
		{AC139952-261A-4463-B6FA-AEBC25283A66}.Release|x64.ActiveCfg = Release|Any CPU
		{AC139952-261A-4463-B6FA-AEBC25283A66}.Release|x64.Build.0 = Release|Any CPU
		{AC139952-261A-4463-B6FA-AEBC25283A66}.Release|x86.ActiveCfg = Release|Any CPU
		{AC139952-261A-4463-B6FA-AEBC25283A66}.Release|x86.Build.0 = Release|Any CPU
		{A0CD6B7A-CD5D-4920-B683-DBE78D3FB047}.Debug Test|Mixed Platforms.ActiveCfg = Debug|x64
		{A0CD6B7A-CD5D-4920-B683-DBE78D3FB047}.Debug Test|Mixed Platforms.Build.0 = Debug|x64
		{A0CD6B7A-CD5D-4920-B683-DBE78D3FB047}.Debug Test|x64.ActiveCfg = Debug|x64
		{A0CD6B7A-CD5D-4920-B683-DBE78D3FB047}.Debug Test|x64.Build.0 = Debug|x64
		{A0CD6B7A-CD5D-4920-B683-DBE78D3FB047}.Debug Test|x86.ActiveCfg = Debug|Win32
		{A0CD6B7A-CD5D-4920-B683-DBE78D3FB047}.Debug Test|x86.Build.0 = Debug|Win32
		{A0CD6B7A-CD5D-4920-B683-DBE78D3FB047}.Debug|Mixed Platforms.ActiveCfg = Debug|x64
		{A0CD6B7A-CD5D-4920-B683-DBE78D3FB047}.Debug|Mixed Platforms.Build.0 = Debug|x64
		{A0CD6B7A-CD5D-4920-B683-DBE78D3FB047}.Debug|x64.ActiveCfg = Debug|x64
		{A0CD6B7A-CD5D-4920-B683-DBE78D3FB047}.Debug|x64.Build.0 = Debug|x64
		{A0CD6B7A-CD5D-4920-B683-DBE78D3FB047}.Debug|x86.ActiveCfg = Debug|Win32
		{A0CD6B7A-CD5D-4920-B683-DBE78D3FB047}.Debug|x86.Build.0 = Debug|Win32
		{A0CD6B7A-CD5D-4920-B683-DBE78D3FB047}.Release|Mixed Platforms.ActiveCfg = Release|x64
		{A0CD6B7A-CD5D-4920-B683-DBE78D3FB047}.Release|Mixed Platforms.Build.0 = Release|x64
		{A0CD6B7A-CD5D-4920-B683-DBE78D3FB047}.Release|x64.ActiveCfg = Release|x64
		{A0CD6B7A-CD5D-4920-B683-DBE78D3FB047}.Release|x64.Build.0 = Release|x64
		{A0CD6B7A-CD5D-4920-B683-DBE78D3FB047}.Release|x86.ActiveCfg = Release|Win32
		{A0CD6B7A-CD5D-4920-B683-DBE78D3FB047}.Release|x86.Build.0 = Release|Win32
		{5909BFE7-93CF-4E5F-BE22-6293368AF01D}.Debug Test|Mixed Platforms.ActiveCfg = Debug|Any CPU
		{5909BFE7-93CF-4E5F-BE22-6293368AF01D}.Debug Test|Mixed Platforms.Build.0 = Debug|Any CPU
		{5909BFE7-93CF-4E5F-BE22-6293368AF01D}.Debug Test|x64.ActiveCfg = Debug|Any CPU
		{5909BFE7-93CF-4E5F-BE22-6293368AF01D}.Debug Test|x64.Build.0 = Debug|Any CPU
		{5909BFE7-93CF-4E5F-BE22-6293368AF01D}.Debug Test|x86.ActiveCfg = Debug|Any CPU
		{5909BFE7-93CF-4E5F-BE22-6293368AF01D}.Debug Test|x86.Build.0 = Debug|Any CPU
		{5909BFE7-93CF-4E5F-BE22-6293368AF01D}.Debug|Mixed Platforms.ActiveCfg = Debug|Any CPU
		{5909BFE7-93CF-4E5F-BE22-6293368AF01D}.Debug|Mixed Platforms.Build.0 = Debug|Any CPU
		{5909BFE7-93CF-4E5F-BE22-6293368AF01D}.Debug|x64.ActiveCfg = Debug|Any CPU
		{5909BFE7-93CF-4E5F-BE22-6293368AF01D}.Debug|x64.Build.0 = Debug|Any CPU
		{5909BFE7-93CF-4E5F-BE22-6293368AF01D}.Debug|x86.ActiveCfg = Debug|Any CPU
		{5909BFE7-93CF-4E5F-BE22-6293368AF01D}.Debug|x86.Build.0 = Debug|Any CPU
		{5909BFE7-93CF-4E5F-BE22-6293368AF01D}.Release|Mixed Platforms.ActiveCfg = Release|Any CPU
		{5909BFE7-93CF-4E5F-BE22-6293368AF01D}.Release|Mixed Platforms.Build.0 = Release|Any CPU
		{5909BFE7-93CF-4E5F-BE22-6293368AF01D}.Release|x64.ActiveCfg = Release|Any CPU
		{5909BFE7-93CF-4E5F-BE22-6293368AF01D}.Release|x64.Build.0 = Release|Any CPU
		{5909BFE7-93CF-4E5F-BE22-6293368AF01D}.Release|x86.ActiveCfg = Release|Any CPU
		{5909BFE7-93CF-4E5F-BE22-6293368AF01D}.Release|x86.Build.0 = Release|Any CPU
		{CEF80E5F-E838-4F27-9435-2E3630D5F9E0}.Debug Test|Mixed Platforms.ActiveCfg = Debug|Any CPU
		{CEF80E5F-E838-4F27-9435-2E3630D5F9E0}.Debug Test|Mixed Platforms.Build.0 = Debug|Any CPU
		{CEF80E5F-E838-4F27-9435-2E3630D5F9E0}.Debug Test|x64.ActiveCfg = Debug|Any CPU
		{CEF80E5F-E838-4F27-9435-2E3630D5F9E0}.Debug Test|x64.Build.0 = Debug|Any CPU
		{CEF80E5F-E838-4F27-9435-2E3630D5F9E0}.Debug Test|x86.ActiveCfg = Debug|Any CPU
		{CEF80E5F-E838-4F27-9435-2E3630D5F9E0}.Debug Test|x86.Build.0 = Debug|Any CPU
		{CEF80E5F-E838-4F27-9435-2E3630D5F9E0}.Debug|Mixed Platforms.ActiveCfg = Debug|Any CPU
		{CEF80E5F-E838-4F27-9435-2E3630D5F9E0}.Debug|Mixed Platforms.Build.0 = Debug|Any CPU
		{CEF80E5F-E838-4F27-9435-2E3630D5F9E0}.Debug|x64.ActiveCfg = Debug|Any CPU
		{CEF80E5F-E838-4F27-9435-2E3630D5F9E0}.Debug|x64.Build.0 = Debug|Any CPU
		{CEF80E5F-E838-4F27-9435-2E3630D5F9E0}.Debug|x86.ActiveCfg = Debug|Any CPU
		{CEF80E5F-E838-4F27-9435-2E3630D5F9E0}.Debug|x86.Build.0 = Debug|Any CPU
		{CEF80E5F-E838-4F27-9435-2E3630D5F9E0}.Release|Mixed Platforms.ActiveCfg = Release|Any CPU
		{CEF80E5F-E838-4F27-9435-2E3630D5F9E0}.Release|Mixed Platforms.Build.0 = Release|Any CPU
		{CEF80E5F-E838-4F27-9435-2E3630D5F9E0}.Release|x64.ActiveCfg = Release|Any CPU
		{CEF80E5F-E838-4F27-9435-2E3630D5F9E0}.Release|x64.Build.0 = Release|Any CPU
		{CEF80E5F-E838-4F27-9435-2E3630D5F9E0}.Release|x86.ActiveCfg = Release|Any CPU
		{CEF80E5F-E838-4F27-9435-2E3630D5F9E0}.Release|x86.Build.0 = Release|Any CPU
		{181FE707-E161-4722-9F38-6AAAB6FAA106}.Debug Test|Mixed Platforms.ActiveCfg = Debug|Any CPU
		{181FE707-E161-4722-9F38-6AAAB6FAA106}.Debug Test|Mixed Platforms.Build.0 = Debug|Any CPU
		{181FE707-E161-4722-9F38-6AAAB6FAA106}.Debug Test|x64.ActiveCfg = Debug|Any CPU
		{181FE707-E161-4722-9F38-6AAAB6FAA106}.Debug Test|x64.Build.0 = Debug|Any CPU
		{181FE707-E161-4722-9F38-6AAAB6FAA106}.Debug Test|x86.ActiveCfg = Debug|Any CPU
		{181FE707-E161-4722-9F38-6AAAB6FAA106}.Debug Test|x86.Build.0 = Debug|Any CPU
		{181FE707-E161-4722-9F38-6AAAB6FAA106}.Debug|Mixed Platforms.ActiveCfg = Debug|Any CPU
		{181FE707-E161-4722-9F38-6AAAB6FAA106}.Debug|Mixed Platforms.Build.0 = Debug|Any CPU
		{181FE707-E161-4722-9F38-6AAAB6FAA106}.Debug|x64.ActiveCfg = Debug|Any CPU
		{181FE707-E161-4722-9F38-6AAAB6FAA106}.Debug|x64.Build.0 = Debug|Any CPU
		{181FE707-E161-4722-9F38-6AAAB6FAA106}.Debug|x86.ActiveCfg = Debug|Any CPU
		{181FE707-E161-4722-9F38-6AAAB6FAA106}.Debug|x86.Build.0 = Debug|Any CPU
		{181FE707-E161-4722-9F38-6AAAB6FAA106}.Release|Mixed Platforms.ActiveCfg = Release|Any CPU
		{181FE707-E161-4722-9F38-6AAAB6FAA106}.Release|Mixed Platforms.Build.0 = Release|Any CPU
		{181FE707-E161-4722-9F38-6AAAB6FAA106}.Release|x64.ActiveCfg = Release|Any CPU
		{181FE707-E161-4722-9F38-6AAAB6FAA106}.Release|x64.Build.0 = Release|Any CPU
		{181FE707-E161-4722-9F38-6AAAB6FAA106}.Release|x86.ActiveCfg = Release|Any CPU
		{181FE707-E161-4722-9F38-6AAAB6FAA106}.Release|x86.Build.0 = Release|Any CPU
		{694B7B28-EC01-4C6E-A20A-21BB41C4D729}.Debug Test|Mixed Platforms.ActiveCfg = Debug|Any CPU
		{694B7B28-EC01-4C6E-A20A-21BB41C4D729}.Debug Test|Mixed Platforms.Build.0 = Debug|Any CPU
		{694B7B28-EC01-4C6E-A20A-21BB41C4D729}.Debug Test|x64.ActiveCfg = Debug|Any CPU
		{694B7B28-EC01-4C6E-A20A-21BB41C4D729}.Debug Test|x64.Build.0 = Debug|Any CPU
		{694B7B28-EC01-4C6E-A20A-21BB41C4D729}.Debug Test|x86.ActiveCfg = Debug|Any CPU
		{694B7B28-EC01-4C6E-A20A-21BB41C4D729}.Debug Test|x86.Build.0 = Debug|Any CPU
		{694B7B28-EC01-4C6E-A20A-21BB41C4D729}.Debug|Mixed Platforms.ActiveCfg = Debug|Any CPU
		{694B7B28-EC01-4C6E-A20A-21BB41C4D729}.Debug|Mixed Platforms.Build.0 = Debug|Any CPU
		{694B7B28-EC01-4C6E-A20A-21BB41C4D729}.Debug|x64.ActiveCfg = Debug|Any CPU
		{694B7B28-EC01-4C6E-A20A-21BB41C4D729}.Debug|x64.Build.0 = Debug|Any CPU
		{694B7B28-EC01-4C6E-A20A-21BB41C4D729}.Debug|x86.ActiveCfg = Debug|Any CPU
		{694B7B28-EC01-4C6E-A20A-21BB41C4D729}.Debug|x86.Build.0 = Debug|Any CPU
		{694B7B28-EC01-4C6E-A20A-21BB41C4D729}.Release|Mixed Platforms.ActiveCfg = Release|Any CPU
		{694B7B28-EC01-4C6E-A20A-21BB41C4D729}.Release|Mixed Platforms.Build.0 = Release|Any CPU
		{694B7B28-EC01-4C6E-A20A-21BB41C4D729}.Release|x64.ActiveCfg = Release|Any CPU
		{694B7B28-EC01-4C6E-A20A-21BB41C4D729}.Release|x64.Build.0 = Release|Any CPU
		{694B7B28-EC01-4C6E-A20A-21BB41C4D729}.Release|x86.ActiveCfg = Release|Any CPU
		{694B7B28-EC01-4C6E-A20A-21BB41C4D729}.Release|x86.Build.0 = Release|Any CPU
	EndGlobalSection
	GlobalSection(SolutionProperties) = preSolution
		HideSolutionNode = FALSE
	EndGlobalSection
EndGlobal
