
Microsoft Visual Studio Solution File, Format Version 11.00
# Visual Studio 2010
Project("{2150E333-8FDC-42A3-9474-1A3956D46DE8}") = "Solution Items", "Solution Items", "{CAEA7BBC-0275-4381-9C06-F47BC8048A2D}"
	ProjectSection(SolutionItems) = preProject
		Local.testsettings = Local.testsettings
		MangaCrawler.vsmdi = MangaCrawler.vsmdi
		TraceAndTestImpact.testsettings = TraceAndTestImpact.testsettings
	EndProjectSection
EndProject
Project("{FAE04EC0-301F-11D3-BF4B-00C04F79EFBC}") = "HtmlAgilityPack", "HtmlAgilityPack\HtmlAgilityPack.csproj", "{193BB801-054F-4729-9D5D-FCE1E32594BF}"
EndProject
Project("{FAE04EC0-301F-11D3-BF4B-00C04F79EFBC}") = "MangaCrawler", "MangaCrawler\MangaCrawler.csproj", "{C75DBED1-3FF0-4762-BE86-3865C27FD618}"
EndProject
Project("{FAE04EC0-301F-11D3-BF4B-00C04F79EFBC}") = "MangaCrawlerLib", "MangaCrawlerLib\MangaCrawlerLib.csproj", "{5CE21DA4-9AD1-4D26-B7AE-2CDF133E6ECC}"
EndProject
Project("{FAE04EC0-301F-11D3-BF4B-00C04F79EFBC}") = "MangaCrawlerTest", "MangaCrawlerTest\MangaCrawlerTest.csproj", "{D52C8C33-EA9E-4F3A-A80F-3BEF5FC6DE8A}"
EndProject
Project("{FAE04EC0-301F-11D3-BF4B-00C04F79EFBC}") = "DotNetZip", "DotNetZip\DotNetZip.csproj", "{49A128D3-C3F2-46B1-8F7A-EECD209EA860}"
EndProject
Project("{FAE04EC0-301F-11D3-BF4B-00C04F79EFBC}") = "log4net", "log4net\log4net.csproj", "{181FE707-E161-4722-9F38-6AAAB6FAA106}"
EndProject
Project("{FAE04EC0-301F-11D3-BF4B-00C04F79EFBC}") = "TomanuExtensionsLib", "TomanuExtensionsLib\TomanuExtensionsLib.csproj", "{4653B49E-D5A5-43B7-8CED-160E7BC09917}"
EndProject
Project("{FAE04EC0-301F-11D3-BF4B-00C04F79EFBC}") = "YAXLib", "yaxlib\YAXLib.csproj", "{F1C4D174-C948-4D18-A125-F6855EF55683}"
EndProject
Global
	GlobalSection(TestCaseManagementSettings) = postSolution
		CategoryFile = MangaCrawler.vsmdi
	EndGlobalSection
	GlobalSection(SolutionConfigurationPlatforms) = preSolution
		Debug Local|Any CPU = Debug Local|Any CPU
		Debug Local|x64 = Debug Local|x64
		Debug Local|x86 = Debug Local|x86
		Debug|Any CPU = Debug|Any CPU
		Debug|x64 = Debug|x64
		Debug|x86 = Debug|x86
		Release Local|Any CPU = Release Local|Any CPU
		Release Local|x64 = Release Local|x64
		Release Local|x86 = Release Local|x86
		Release|Any CPU = Release|Any CPU
		Release|x64 = Release|x64
		Release|x86 = Release|x86
	EndGlobalSection
	GlobalSection(ProjectConfigurationPlatforms) = postSolution
		{193BB801-054F-4729-9D5D-FCE1E32594BF}.Debug Local|Any CPU.ActiveCfg = Debug|Any CPU
		{193BB801-054F-4729-9D5D-FCE1E32594BF}.Debug Local|Any CPU.Build.0 = Debug|Any CPU
		{193BB801-054F-4729-9D5D-FCE1E32594BF}.Debug Local|x64.ActiveCfg = Debug|x64
		{193BB801-054F-4729-9D5D-FCE1E32594BF}.Debug Local|x64.Build.0 = Debug|x64
		{193BB801-054F-4729-9D5D-FCE1E32594BF}.Debug Local|x86.ActiveCfg = Debug|x86
		{193BB801-054F-4729-9D5D-FCE1E32594BF}.Debug Local|x86.Build.0 = Debug|x86
		{193BB801-054F-4729-9D5D-FCE1E32594BF}.Debug|Any CPU.ActiveCfg = Debug|Any CPU
		{193BB801-054F-4729-9D5D-FCE1E32594BF}.Debug|Any CPU.Build.0 = Debug|Any CPU
		{193BB801-054F-4729-9D5D-FCE1E32594BF}.Debug|x64.ActiveCfg = Debug|x64
		{193BB801-054F-4729-9D5D-FCE1E32594BF}.Debug|x64.Build.0 = Debug|x64
		{193BB801-054F-4729-9D5D-FCE1E32594BF}.Debug|x86.ActiveCfg = Debug|x86
		{193BB801-054F-4729-9D5D-FCE1E32594BF}.Debug|x86.Build.0 = Debug|x86
		{193BB801-054F-4729-9D5D-FCE1E32594BF}.Release Local|Any CPU.ActiveCfg = Release|Any CPU
		{193BB801-054F-4729-9D5D-FCE1E32594BF}.Release Local|Any CPU.Build.0 = Release|Any CPU
		{193BB801-054F-4729-9D5D-FCE1E32594BF}.Release Local|x64.ActiveCfg = Release|x64
		{193BB801-054F-4729-9D5D-FCE1E32594BF}.Release Local|x64.Build.0 = Release|x64
		{193BB801-054F-4729-9D5D-FCE1E32594BF}.Release Local|x86.ActiveCfg = Release|x86
		{193BB801-054F-4729-9D5D-FCE1E32594BF}.Release Local|x86.Build.0 = Release|x86
		{193BB801-054F-4729-9D5D-FCE1E32594BF}.Release|Any CPU.ActiveCfg = Release|Any CPU
		{193BB801-054F-4729-9D5D-FCE1E32594BF}.Release|Any CPU.Build.0 = Release|Any CPU
		{193BB801-054F-4729-9D5D-FCE1E32594BF}.Release|x64.ActiveCfg = Release|x64
		{193BB801-054F-4729-9D5D-FCE1E32594BF}.Release|x64.Build.0 = Release|x64
		{193BB801-054F-4729-9D5D-FCE1E32594BF}.Release|x86.ActiveCfg = Release|x64
		{193BB801-054F-4729-9D5D-FCE1E32594BF}.Release|x86.Build.0 = Release|x64
		{C75DBED1-3FF0-4762-BE86-3865C27FD618}.Debug Local|Any CPU.ActiveCfg = Debug|Any CPU
		{C75DBED1-3FF0-4762-BE86-3865C27FD618}.Debug Local|Any CPU.Build.0 = Debug|Any CPU
		{C75DBED1-3FF0-4762-BE86-3865C27FD618}.Debug Local|x64.ActiveCfg = Debug|x64
		{C75DBED1-3FF0-4762-BE86-3865C27FD618}.Debug Local|x64.Build.0 = Debug|x64
		{C75DBED1-3FF0-4762-BE86-3865C27FD618}.Debug Local|x86.ActiveCfg = Debug|x86
		{C75DBED1-3FF0-4762-BE86-3865C27FD618}.Debug Local|x86.Build.0 = Debug|x86
		{C75DBED1-3FF0-4762-BE86-3865C27FD618}.Debug|Any CPU.ActiveCfg = Debug|Any CPU
		{C75DBED1-3FF0-4762-BE86-3865C27FD618}.Debug|Any CPU.Build.0 = Debug|Any CPU
		{C75DBED1-3FF0-4762-BE86-3865C27FD618}.Debug|x64.ActiveCfg = Debug|x64
		{C75DBED1-3FF0-4762-BE86-3865C27FD618}.Debug|x64.Build.0 = Debug|x64
		{C75DBED1-3FF0-4762-BE86-3865C27FD618}.Debug|x86.ActiveCfg = Debug|x86
		{C75DBED1-3FF0-4762-BE86-3865C27FD618}.Debug|x86.Build.0 = Debug|x86
		{C75DBED1-3FF0-4762-BE86-3865C27FD618}.Release Local|Any CPU.ActiveCfg = Release|Any CPU
		{C75DBED1-3FF0-4762-BE86-3865C27FD618}.Release Local|Any CPU.Build.0 = Release|Any CPU
		{C75DBED1-3FF0-4762-BE86-3865C27FD618}.Release Local|x64.ActiveCfg = Release|x64
		{C75DBED1-3FF0-4762-BE86-3865C27FD618}.Release Local|x64.Build.0 = Release|x64
		{C75DBED1-3FF0-4762-BE86-3865C27FD618}.Release Local|x86.ActiveCfg = Release|x86
		{C75DBED1-3FF0-4762-BE86-3865C27FD618}.Release Local|x86.Build.0 = Release|x86
		{C75DBED1-3FF0-4762-BE86-3865C27FD618}.Release|Any CPU.ActiveCfg = Release|Any CPU
		{C75DBED1-3FF0-4762-BE86-3865C27FD618}.Release|Any CPU.Build.0 = Release|Any CPU
		{C75DBED1-3FF0-4762-BE86-3865C27FD618}.Release|x64.ActiveCfg = Release|x64
		{C75DBED1-3FF0-4762-BE86-3865C27FD618}.Release|x64.Build.0 = Release|x64
		{C75DBED1-3FF0-4762-BE86-3865C27FD618}.Release|x86.ActiveCfg = Release|x86
		{C75DBED1-3FF0-4762-BE86-3865C27FD618}.Release|x86.Build.0 = Release|x86
		{5CE21DA4-9AD1-4D26-B7AE-2CDF133E6ECC}.Debug Local|Any CPU.ActiveCfg = Debug Local|Any CPU
		{5CE21DA4-9AD1-4D26-B7AE-2CDF133E6ECC}.Debug Local|Any CPU.Build.0 = Debug Local|Any CPU
		{5CE21DA4-9AD1-4D26-B7AE-2CDF133E6ECC}.Debug Local|x64.ActiveCfg = Debug Local|x64
		{5CE21DA4-9AD1-4D26-B7AE-2CDF133E6ECC}.Debug Local|x64.Build.0 = Debug Local|x64
		{5CE21DA4-9AD1-4D26-B7AE-2CDF133E6ECC}.Debug Local|x86.ActiveCfg = Debug Local|x86
		{5CE21DA4-9AD1-4D26-B7AE-2CDF133E6ECC}.Debug Local|x86.Build.0 = Debug Local|x86
		{5CE21DA4-9AD1-4D26-B7AE-2CDF133E6ECC}.Debug|Any CPU.ActiveCfg = Debug|Any CPU
		{5CE21DA4-9AD1-4D26-B7AE-2CDF133E6ECC}.Debug|Any CPU.Build.0 = Debug|Any CPU
		{5CE21DA4-9AD1-4D26-B7AE-2CDF133E6ECC}.Debug|x64.ActiveCfg = Debug|x64
		{5CE21DA4-9AD1-4D26-B7AE-2CDF133E6ECC}.Debug|x64.Build.0 = Debug|x64
		{5CE21DA4-9AD1-4D26-B7AE-2CDF133E6ECC}.Debug|x86.ActiveCfg = Debug|x86
		{5CE21DA4-9AD1-4D26-B7AE-2CDF133E6ECC}.Debug|x86.Build.0 = Debug|x86
		{5CE21DA4-9AD1-4D26-B7AE-2CDF133E6ECC}.Release Local|Any CPU.ActiveCfg = Release Local|Any CPU
		{5CE21DA4-9AD1-4D26-B7AE-2CDF133E6ECC}.Release Local|Any CPU.Build.0 = Release Local|Any CPU
		{5CE21DA4-9AD1-4D26-B7AE-2CDF133E6ECC}.Release Local|x64.ActiveCfg = Release Local|x64
		{5CE21DA4-9AD1-4D26-B7AE-2CDF133E6ECC}.Release Local|x64.Build.0 = Release Local|x64
		{5CE21DA4-9AD1-4D26-B7AE-2CDF133E6ECC}.Release Local|x86.ActiveCfg = Release Local|x86
		{5CE21DA4-9AD1-4D26-B7AE-2CDF133E6ECC}.Release Local|x86.Build.0 = Release Local|x86
		{5CE21DA4-9AD1-4D26-B7AE-2CDF133E6ECC}.Release|Any CPU.ActiveCfg = Release|Any CPU
		{5CE21DA4-9AD1-4D26-B7AE-2CDF133E6ECC}.Release|Any CPU.Build.0 = Release|Any CPU
		{5CE21DA4-9AD1-4D26-B7AE-2CDF133E6ECC}.Release|x64.ActiveCfg = Release|x64
		{5CE21DA4-9AD1-4D26-B7AE-2CDF133E6ECC}.Release|x64.Build.0 = Release|x64
		{5CE21DA4-9AD1-4D26-B7AE-2CDF133E6ECC}.Release|x86.ActiveCfg = Release|x86
		{5CE21DA4-9AD1-4D26-B7AE-2CDF133E6ECC}.Release|x86.Build.0 = Release|x86
		{D52C8C33-EA9E-4F3A-A80F-3BEF5FC6DE8A}.Debug Local|Any CPU.ActiveCfg = Debug|Any CPU
		{D52C8C33-EA9E-4F3A-A80F-3BEF5FC6DE8A}.Debug Local|Any CPU.Build.0 = Debug|Any CPU
		{D52C8C33-EA9E-4F3A-A80F-3BEF5FC6DE8A}.Debug Local|x64.ActiveCfg = Debug|x64
		{D52C8C33-EA9E-4F3A-A80F-3BEF5FC6DE8A}.Debug Local|x64.Build.0 = Debug|x64
		{D52C8C33-EA9E-4F3A-A80F-3BEF5FC6DE8A}.Debug Local|x86.ActiveCfg = Debug|x86
		{D52C8C33-EA9E-4F3A-A80F-3BEF5FC6DE8A}.Debug Local|x86.Build.0 = Debug|x86
		{D52C8C33-EA9E-4F3A-A80F-3BEF5FC6DE8A}.Debug|Any CPU.ActiveCfg = Debug|Any CPU
		{D52C8C33-EA9E-4F3A-A80F-3BEF5FC6DE8A}.Debug|Any CPU.Build.0 = Debug|Any CPU
		{D52C8C33-EA9E-4F3A-A80F-3BEF5FC6DE8A}.Debug|x64.ActiveCfg = Debug|x64
		{D52C8C33-EA9E-4F3A-A80F-3BEF5FC6DE8A}.Debug|x64.Build.0 = Debug|x64
		{D52C8C33-EA9E-4F3A-A80F-3BEF5FC6DE8A}.Debug|x86.ActiveCfg = Debug|x86
		{D52C8C33-EA9E-4F3A-A80F-3BEF5FC6DE8A}.Debug|x86.Build.0 = Debug|x86
		{D52C8C33-EA9E-4F3A-A80F-3BEF5FC6DE8A}.Release Local|Any CPU.ActiveCfg = Release|Any CPU
		{D52C8C33-EA9E-4F3A-A80F-3BEF5FC6DE8A}.Release Local|Any CPU.Build.0 = Release|Any CPU
		{D52C8C33-EA9E-4F3A-A80F-3BEF5FC6DE8A}.Release Local|x64.ActiveCfg = Release|x64
		{D52C8C33-EA9E-4F3A-A80F-3BEF5FC6DE8A}.Release Local|x64.Build.0 = Release|x64
		{D52C8C33-EA9E-4F3A-A80F-3BEF5FC6DE8A}.Release Local|x86.ActiveCfg = Release|x86
		{D52C8C33-EA9E-4F3A-A80F-3BEF5FC6DE8A}.Release Local|x86.Build.0 = Release|x86
		{D52C8C33-EA9E-4F3A-A80F-3BEF5FC6DE8A}.Release|Any CPU.ActiveCfg = Release|Any CPU
		{D52C8C33-EA9E-4F3A-A80F-3BEF5FC6DE8A}.Release|Any CPU.Build.0 = Release|Any CPU
		{D52C8C33-EA9E-4F3A-A80F-3BEF5FC6DE8A}.Release|x64.ActiveCfg = Release|x64
		{D52C8C33-EA9E-4F3A-A80F-3BEF5FC6DE8A}.Release|x64.Build.0 = Release|x64
		{D52C8C33-EA9E-4F3A-A80F-3BEF5FC6DE8A}.Release|x86.ActiveCfg = Release|x86
		{D52C8C33-EA9E-4F3A-A80F-3BEF5FC6DE8A}.Release|x86.Build.0 = Release|x86
		{49A128D3-C3F2-46B1-8F7A-EECD209EA860}.Debug Local|Any CPU.ActiveCfg = Debug|Any CPU
		{49A128D3-C3F2-46B1-8F7A-EECD209EA860}.Debug Local|Any CPU.Build.0 = Debug|Any CPU
		{49A128D3-C3F2-46B1-8F7A-EECD209EA860}.Debug Local|x64.ActiveCfg = Debug|x64
		{49A128D3-C3F2-46B1-8F7A-EECD209EA860}.Debug Local|x64.Build.0 = Debug|x64
		{49A128D3-C3F2-46B1-8F7A-EECD209EA860}.Debug Local|x86.ActiveCfg = Debug|x86
		{49A128D3-C3F2-46B1-8F7A-EECD209EA860}.Debug Local|x86.Build.0 = Debug|x86
		{49A128D3-C3F2-46B1-8F7A-EECD209EA860}.Debug|Any CPU.ActiveCfg = Debug|Any CPU
		{49A128D3-C3F2-46B1-8F7A-EECD209EA860}.Debug|Any CPU.Build.0 = Debug|Any CPU
		{49A128D3-C3F2-46B1-8F7A-EECD209EA860}.Debug|x64.ActiveCfg = Debug|x64
		{49A128D3-C3F2-46B1-8F7A-EECD209EA860}.Debug|x64.Build.0 = Debug|x64
		{49A128D3-C3F2-46B1-8F7A-EECD209EA860}.Debug|x86.ActiveCfg = Debug|x86
		{49A128D3-C3F2-46B1-8F7A-EECD209EA860}.Debug|x86.Build.0 = Debug|x86
		{49A128D3-C3F2-46B1-8F7A-EECD209EA860}.Release Local|Any CPU.ActiveCfg = Release|Any CPU
		{49A128D3-C3F2-46B1-8F7A-EECD209EA860}.Release Local|Any CPU.Build.0 = Release|Any CPU
		{49A128D3-C3F2-46B1-8F7A-EECD209EA860}.Release Local|x64.ActiveCfg = Release|x64
		{49A128D3-C3F2-46B1-8F7A-EECD209EA860}.Release Local|x64.Build.0 = Release|x64
		{49A128D3-C3F2-46B1-8F7A-EECD209EA860}.Release Local|x86.ActiveCfg = Release|x86
		{49A128D3-C3F2-46B1-8F7A-EECD209EA860}.Release Local|x86.Build.0 = Release|x86
		{49A128D3-C3F2-46B1-8F7A-EECD209EA860}.Release|Any CPU.ActiveCfg = Release|Any CPU
		{49A128D3-C3F2-46B1-8F7A-EECD209EA860}.Release|Any CPU.Build.0 = Release|Any CPU
		{49A128D3-C3F2-46B1-8F7A-EECD209EA860}.Release|x64.ActiveCfg = Release|x64
		{49A128D3-C3F2-46B1-8F7A-EECD209EA860}.Release|x64.Build.0 = Release|x64
		{49A128D3-C3F2-46B1-8F7A-EECD209EA860}.Release|x86.ActiveCfg = Release|x86
		{49A128D3-C3F2-46B1-8F7A-EECD209EA860}.Release|x86.Build.0 = Release|x86
		{181FE707-E161-4722-9F38-6AAAB6FAA106}.Debug Local|Any CPU.ActiveCfg = Debug|Any CPU
		{181FE707-E161-4722-9F38-6AAAB6FAA106}.Debug Local|Any CPU.Build.0 = Debug|Any CPU
		{181FE707-E161-4722-9F38-6AAAB6FAA106}.Debug Local|x64.ActiveCfg = Debug|x64
		{181FE707-E161-4722-9F38-6AAAB6FAA106}.Debug Local|x64.Build.0 = Debug|x64
		{181FE707-E161-4722-9F38-6AAAB6FAA106}.Debug Local|x86.ActiveCfg = Debug|x86
		{181FE707-E161-4722-9F38-6AAAB6FAA106}.Debug Local|x86.Build.0 = Debug|x86
		{181FE707-E161-4722-9F38-6AAAB6FAA106}.Debug|Any CPU.ActiveCfg = Debug|Any CPU
		{181FE707-E161-4722-9F38-6AAAB6FAA106}.Debug|Any CPU.Build.0 = Debug|Any CPU
		{181FE707-E161-4722-9F38-6AAAB6FAA106}.Debug|x64.ActiveCfg = Debug|x64
		{181FE707-E161-4722-9F38-6AAAB6FAA106}.Debug|x64.Build.0 = Debug|x64
		{181FE707-E161-4722-9F38-6AAAB6FAA106}.Debug|x86.ActiveCfg = Debug|x86
		{181FE707-E161-4722-9F38-6AAAB6FAA106}.Debug|x86.Build.0 = Debug|x86
		{181FE707-E161-4722-9F38-6AAAB6FAA106}.Release Local|Any CPU.ActiveCfg = Release|Any CPU
		{181FE707-E161-4722-9F38-6AAAB6FAA106}.Release Local|Any CPU.Build.0 = Release|Any CPU
		{181FE707-E161-4722-9F38-6AAAB6FAA106}.Release Local|x64.ActiveCfg = Release|x64
		{181FE707-E161-4722-9F38-6AAAB6FAA106}.Release Local|x64.Build.0 = Release|x64
		{181FE707-E161-4722-9F38-6AAAB6FAA106}.Release Local|x86.ActiveCfg = Release|x86
		{181FE707-E161-4722-9F38-6AAAB6FAA106}.Release Local|x86.Build.0 = Release|x86
		{181FE707-E161-4722-9F38-6AAAB6FAA106}.Release|Any CPU.ActiveCfg = Release|Any CPU
		{181FE707-E161-4722-9F38-6AAAB6FAA106}.Release|Any CPU.Build.0 = Release|Any CPU
		{181FE707-E161-4722-9F38-6AAAB6FAA106}.Release|x64.ActiveCfg = Release|x64
		{181FE707-E161-4722-9F38-6AAAB6FAA106}.Release|x64.Build.0 = Release|x64
		{181FE707-E161-4722-9F38-6AAAB6FAA106}.Release|x86.ActiveCfg = Release|x86
		{181FE707-E161-4722-9F38-6AAAB6FAA106}.Release|x86.Build.0 = Release|x86
		{4653B49E-D5A5-43B7-8CED-160E7BC09917}.Debug Local|Any CPU.ActiveCfg = Debug|Any CPU
		{4653B49E-D5A5-43B7-8CED-160E7BC09917}.Debug Local|Any CPU.Build.0 = Debug|Any CPU
		{4653B49E-D5A5-43B7-8CED-160E7BC09917}.Debug Local|x64.ActiveCfg = Debug|x64
		{4653B49E-D5A5-43B7-8CED-160E7BC09917}.Debug Local|x64.Build.0 = Debug|x64
		{4653B49E-D5A5-43B7-8CED-160E7BC09917}.Debug Local|x86.ActiveCfg = Debug|x86
		{4653B49E-D5A5-43B7-8CED-160E7BC09917}.Debug Local|x86.Build.0 = Debug|x86
		{4653B49E-D5A5-43B7-8CED-160E7BC09917}.Debug|Any CPU.ActiveCfg = Debug|Any CPU
		{4653B49E-D5A5-43B7-8CED-160E7BC09917}.Debug|Any CPU.Build.0 = Debug|Any CPU
		{4653B49E-D5A5-43B7-8CED-160E7BC09917}.Debug|x64.ActiveCfg = Debug|x64
		{4653B49E-D5A5-43B7-8CED-160E7BC09917}.Debug|x64.Build.0 = Debug|x64
		{4653B49E-D5A5-43B7-8CED-160E7BC09917}.Debug|x86.ActiveCfg = Debug|x86
		{4653B49E-D5A5-43B7-8CED-160E7BC09917}.Debug|x86.Build.0 = Debug|x86
		{4653B49E-D5A5-43B7-8CED-160E7BC09917}.Release Local|Any CPU.ActiveCfg = Release|x86
		{4653B49E-D5A5-43B7-8CED-160E7BC09917}.Release Local|x64.ActiveCfg = Release|x86
		{4653B49E-D5A5-43B7-8CED-160E7BC09917}.Release Local|x86.ActiveCfg = Release|x86
		{4653B49E-D5A5-43B7-8CED-160E7BC09917}.Release Local|x86.Build.0 = Release|x86
		{4653B49E-D5A5-43B7-8CED-160E7BC09917}.Release|Any CPU.ActiveCfg = Release|Any CPU
		{4653B49E-D5A5-43B7-8CED-160E7BC09917}.Release|Any CPU.Build.0 = Release|Any CPU
		{4653B49E-D5A5-43B7-8CED-160E7BC09917}.Release|x64.ActiveCfg = Release|x64
		{4653B49E-D5A5-43B7-8CED-160E7BC09917}.Release|x64.Build.0 = Release|x64
		{4653B49E-D5A5-43B7-8CED-160E7BC09917}.Release|x86.ActiveCfg = Release|x86
		{4653B49E-D5A5-43B7-8CED-160E7BC09917}.Release|x86.Build.0 = Release|x86
		{F1C4D174-C948-4D18-A125-F6855EF55683}.Debug Local|Any CPU.ActiveCfg = Debug|Any CPU
		{F1C4D174-C948-4D18-A125-F6855EF55683}.Debug Local|Any CPU.Build.0 = Debug|Any CPU
		{F1C4D174-C948-4D18-A125-F6855EF55683}.Debug Local|x64.ActiveCfg = Debug|x64
		{F1C4D174-C948-4D18-A125-F6855EF55683}.Debug Local|x64.Build.0 = Debug|x64
		{F1C4D174-C948-4D18-A125-F6855EF55683}.Debug Local|x86.ActiveCfg = Debug|x86
		{F1C4D174-C948-4D18-A125-F6855EF55683}.Debug Local|x86.Build.0 = Debug|x86
		{F1C4D174-C948-4D18-A125-F6855EF55683}.Debug|Any CPU.ActiveCfg = Debug|Any CPU
		{F1C4D174-C948-4D18-A125-F6855EF55683}.Debug|Any CPU.Build.0 = Debug|Any CPU
		{F1C4D174-C948-4D18-A125-F6855EF55683}.Debug|x64.ActiveCfg = Debug|x64
		{F1C4D174-C948-4D18-A125-F6855EF55683}.Debug|x64.Build.0 = Debug|x64
		{F1C4D174-C948-4D18-A125-F6855EF55683}.Debug|x86.ActiveCfg = Debug|x86
		{F1C4D174-C948-4D18-A125-F6855EF55683}.Debug|x86.Build.0 = Debug|x86
		{F1C4D174-C948-4D18-A125-F6855EF55683}.Release Local|Any CPU.ActiveCfg = Release|x86
		{F1C4D174-C948-4D18-A125-F6855EF55683}.Release Local|x64.ActiveCfg = Release|x86
		{F1C4D174-C948-4D18-A125-F6855EF55683}.Release Local|x86.ActiveCfg = Release|x86
		{F1C4D174-C948-4D18-A125-F6855EF55683}.Release Local|x86.Build.0 = Release|x86
		{F1C4D174-C948-4D18-A125-F6855EF55683}.Release|Any CPU.ActiveCfg = Release|Any CPU
		{F1C4D174-C948-4D18-A125-F6855EF55683}.Release|Any CPU.Build.0 = Release|Any CPU
		{F1C4D174-C948-4D18-A125-F6855EF55683}.Release|x64.ActiveCfg = Release|x64
		{F1C4D174-C948-4D18-A125-F6855EF55683}.Release|x64.Build.0 = Release|x64
		{F1C4D174-C948-4D18-A125-F6855EF55683}.Release|x86.ActiveCfg = Release|x86
		{F1C4D174-C948-4D18-A125-F6855EF55683}.Release|x86.Build.0 = Release|x86
	EndGlobalSection
	GlobalSection(SolutionProperties) = preSolution
		HideSolutionNode = FALSE
	EndGlobalSection
	GlobalSection(ExtensibilityGlobals) = postSolution
		BuildVersion_BuildVersioningStyle = None.None.None.None
	EndGlobalSection
	GlobalSection(SubversionScc) = preSolution
		Svn-Managed = True
		Manager = AnkhSVN - Subversion Support for Visual Studio
	EndGlobalSection
EndGlobal
